
Microsoft Visual Studio Solution File, Format Version 12.00
# Visual Studio 14
VisualStudioVersion = 14.0.24720.0
MinimumVisualStudioVersion = 10.0.40219.1
Project("{FAE04EC0-301F-11D3-BF4B-00C04F79EFBC}") = "TPMusic", "TPMusique\TPMusic.csproj", "{9D04B8D5-2C5B-4982-BEFE-BE1E95D50ED5}"
EndProject
Project("{FAE04EC0-301F-11D3-BF4B-00C04F79EFBC}") = "SignWaveTest", "SignWaveTest\SignWaveTest\SignWaveTest.csproj", "{AB54A380-CC0D-436C-9430-C0EF00C4193F}"
EndProject
Project("{FAE04EC0-301F-11D3-BF4B-00C04F79EFBC}") = "MusicData", "MusicData\MusicData.csproj", "{4D0EEA70-CE53-4F8A-A188-3EB353AFA9F4}"
EndProject
Global
	GlobalSection(SolutionConfigurationPlatforms) = preSolution
		Debug|Any CPU = Debug|Any CPU
		Release|Any CPU = Release|Any CPU
	EndGlobalSection
	GlobalSection(ProjectConfigurationPlatforms) = postSolution
		{9D04B8D5-2C5B-4982-BEFE-BE1E95D50ED5}.Debug|Any CPU.ActiveCfg = Debug|Any CPU
		{9D04B8D5-2C5B-4982-BEFE-BE1E95D50ED5}.Debug|Any CPU.Build.0 = Debug|Any CPU
		{9D04B8D5-2C5B-4982-BEFE-BE1E95D50ED5}.Release|Any CPU.ActiveCfg = Release|Any CPU
		{9D04B8D5-2C5B-4982-BEFE-BE1E95D50ED5}.Release|Any CPU.Build.0 = Release|Any CPU
		{AB54A380-CC0D-436C-9430-C0EF00C4193F}.Debug|Any CPU.ActiveCfg = Debug|Any CPU
		{AB54A380-CC0D-436C-9430-C0EF00C4193F}.Debug|Any CPU.Build.0 = Debug|Any CPU
		{AB54A380-CC0D-436C-9430-C0EF00C4193F}.Release|Any CPU.ActiveCfg = Release|Any CPU
		{AB54A380-CC0D-436C-9430-C0EF00C4193F}.Release|Any CPU.Build.0 = Release|Any CPU
		{4D0EEA70-CE53-4F8A-A188-3EB353AFA9F4}.Debug|Any CPU.ActiveCfg = Debug|Any CPU
		{4D0EEA70-CE53-4F8A-A188-3EB353AFA9F4}.Debug|Any CPU.Build.0 = Debug|Any CPU
		{4D0EEA70-CE53-4F8A-A188-3EB353AFA9F4}.Release|Any CPU.ActiveCfg = Release|Any CPU
		{4D0EEA70-CE53-4F8A-A188-3EB353AFA9F4}.Release|Any CPU.Build.0 = Release|Any CPU
	EndGlobalSection
	GlobalSection(SolutionProperties) = preSolution
		HideSolutionNode = FALSE
	EndGlobalSection
	GlobalSection(TeamFoundationVersionControl) = preSolution
		SccNumberOfProjects = 4
		SccEnterpriseProvider = {4CA58AB2-18FA-4F8D-95D4-32DDF27D184C}
		SccTeamFoundationServer = https://formationgabrieldta1.visualstudio.com/defaultcollection
		SccProjectUniqueName0 = TPMusique\\TPMusic.csproj
		SccProjectName0 = TPMusique
		SccLocalPath0 = TPMusique
		SccProjectUniqueName1 = MusicData\\MusicData.csproj
		SccProjectName1 = MusicData
		SccLocalPath1 = MusicData
		SccProjectUniqueName2 = SignWaveTest\\SignWaveTest\\SignWaveTest.csproj
		SccProjectName2 = SignWaveTest/SignWaveTest
		SccLocalPath2 = SignWaveTest\\SignWaveTest
		SccLocalPath3 = .
	EndGlobalSection
EndGlobal
